
Microsoft Visual Studio Solution File, Format Version 12.00
# Visual Studio Version 17
VisualStudioVersion = 17.14.36616.10 d17.14
MinimumVisualStudioVersion = 10.0.40219.1
Project("{FAE04EC0-301F-11D3-BF4B-00C04F79EFBC}") = "lab10", "lab10\lab10.csproj", "{D0ED0A57-A07E-4BDA-9BB4-E6C6C6DB65D7}"
EndProject
Global
	GlobalSection(SolutionConfigurationPlatforms) = preSolution
		Debug|Any CPU = Debug|Any CPU
		Release|Any CPU = Release|Any CPU
	EndGlobalSection
	GlobalSection(ProjectConfigurationPlatforms) = postSolution
		{D0ED0A57-A07E-4BDA-9BB4-E6C6C6DB65D7}.Debug|Any CPU.ActiveCfg = Debug|Any CPU
		{D0ED0A57-A07E-4BDA-9BB4-E6C6C6DB65D7}.Debug|Any CPU.Build.0 = Debug|Any CPU
		{D0ED0A57-A07E-4BDA-9BB4-E6C6C6DB65D7}.Release|Any CPU.ActiveCfg = Release|Any CPU
		{D0ED0A57-A07E-4BDA-9BB4-E6C6C6DB65D7}.Release|Any CPU.Build.0 = Release|Any CPU
	EndGlobalSection
	GlobalSection(SolutionProperties) = preSolution
		HideSolutionNode = FALSE
	EndGlobalSection
	GlobalSection(ExtensibilityGlobals) = postSolution
		SolutionGuid = {76BAEFF5-0748-4FFE-AD02-B9AE531FE68D}
	EndGlobalSection
EndGlobal
